
Microsoft Visual Studio Solution File, Format Version 12.00
Project("{FAE04EC0-301F-11D3-BF4B-00C04F79EFBC}") = "Nop.Web", "Presentation\Nop.Web\Nop.Web.csproj", "{C77338D4-DBC0-4CA4-BAB7-A0F608DFD227}"
EndProject
Project("{2150E333-8FDC-42A3-9474-1A3956D46DE8}") = "Libraries", "Libraries", "{AFB9C379-E64B-4963-B847-D71A4DCAF004}"
EndProject
Project("{FAE04EC0-301F-11D3-BF4B-00C04F79EFBC}") = "Nop.Data", "Libraries\Nop.Data\Nop.Data.csproj", "{2B59A5FF-4FBE-4AB6-AFA7-B52DE53AD131}"
EndProject
Project("{FAE04EC0-301F-11D3-BF4B-00C04F79EFBC}") = "Nop.Core", "Libraries\Nop.Core\Nop.Core.csproj", "{3E0DF9DF-6691-4E26-8728-AA35706D710F}"
EndProject
Project("{FAE04EC0-301F-11D3-BF4B-00C04F79EFBC}") = "Nop.Services", "Libraries\Nop.Services\Nop.Services.csproj", "{AB55390C-0407-465D-89EA-DCBFAACC641C}"
EndProject
Project("{2150E333-8FDC-42A3-9474-1A3956D46DE8}") = "Presentation", "Presentation", "{FD96214B-AE47-4F90-BAB6-A51D10CCDDC9}"
EndProject
Project("{FAE04EC0-301F-11D3-BF4B-00C04F79EFBC}") = "Nop.Web.Framework", "Presentation\Nop.Web.Framework\Nop.Web.Framework.csproj", "{5D5D898B-9C39-4B28-9C63-1B5EDF000FEA}"
EndProject
Global
	GlobalSection(SolutionConfigurationPlatforms) = preSolution
		Debug|Any CPU = Debug|Any CPU
		Release|Any CPU = Release|Any CPU
	EndGlobalSection
	GlobalSection(ProjectConfigurationPlatforms) = postSolution
		{C77338D4-DBC0-4CA4-BAB7-A0F608DFD227}.Debug|Any CPU.ActiveCfg = Debug|Any CPU
		{C77338D4-DBC0-4CA4-BAB7-A0F608DFD227}.Debug|Any CPU.Build.0 = Debug|Any CPU
		{C77338D4-DBC0-4CA4-BAB7-A0F608DFD227}.Release|Any CPU.ActiveCfg = Release|Any CPU
		{C77338D4-DBC0-4CA4-BAB7-A0F608DFD227}.Release|Any CPU.Build.0 = Release|Any CPU
		{2B59A5FF-4FBE-4AB6-AFA7-B52DE53AD131}.Debug|Any CPU.ActiveCfg = Debug|Any CPU
		{2B59A5FF-4FBE-4AB6-AFA7-B52DE53AD131}.Debug|Any CPU.Build.0 = Debug|Any CPU
		{2B59A5FF-4FBE-4AB6-AFA7-B52DE53AD131}.Release|Any CPU.ActiveCfg = Release|Any CPU
		{2B59A5FF-4FBE-4AB6-AFA7-B52DE53AD131}.Release|Any CPU.Build.0 = Release|Any CPU
		{3E0DF9DF-6691-4E26-8728-AA35706D710F}.Debug|Any CPU.ActiveCfg = Debug|Any CPU
		{3E0DF9DF-6691-4E26-8728-AA35706D710F}.Debug|Any CPU.Build.0 = Debug|Any CPU
		{3E0DF9DF-6691-4E26-8728-AA35706D710F}.Release|Any CPU.ActiveCfg = Release|Any CPU
		{3E0DF9DF-6691-4E26-8728-AA35706D710F}.Release|Any CPU.Build.0 = Release|Any CPU
		{AB55390C-0407-465D-89EA-DCBFAACC641C}.Debug|Any CPU.ActiveCfg = Debug|Any CPU
		{AB55390C-0407-465D-89EA-DCBFAACC641C}.Debug|Any CPU.Build.0 = Debug|Any CPU
		{AB55390C-0407-465D-89EA-DCBFAACC641C}.Release|Any CPU.ActiveCfg = Release|Any CPU
		{AB55390C-0407-465D-89EA-DCBFAACC641C}.Release|Any CPU.Build.0 = Release|Any CPU
		{5D5D898B-9C39-4B28-9C63-1B5EDF000FEA}.Debug|Any CPU.ActiveCfg = Debug|Any CPU
		{5D5D898B-9C39-4B28-9C63-1B5EDF000FEA}.Debug|Any CPU.Build.0 = Debug|Any CPU
		{5D5D898B-9C39-4B28-9C63-1B5EDF000FEA}.Release|Any CPU.ActiveCfg = Release|Any CPU
		{5D5D898B-9C39-4B28-9C63-1B5EDF000FEA}.Release|Any CPU.Build.0 = Release|Any CPU
	EndGlobalSection
	GlobalSection(NestedProjects) = preSolution
		{2B59A5FF-4FBE-4AB6-AFA7-B52DE53AD131} = {AFB9C379-E64B-4963-B847-D71A4DCAF004}
		{3E0DF9DF-6691-4E26-8728-AA35706D710F} = {AFB9C379-E64B-4963-B847-D71A4DCAF004}
		{AB55390C-0407-465D-89EA-DCBFAACC641C} = {AFB9C379-E64B-4963-B847-D71A4DCAF004}
		{C77338D4-DBC0-4CA4-BAB7-A0F608DFD227} = {FD96214B-AE47-4F90-BAB6-A51D10CCDDC9}
		{5D5D898B-9C39-4B28-9C63-1B5EDF000FEA} = {FD96214B-AE47-4F90-BAB6-A51D10CCDDC9}
	EndGlobalSection
EndGlobal
